{
  "nodes": {
    "darwin": {
      "inputs": {
        "nixpkgs": [
          "nixpkgs"
        ]
      },
      "locked": {
        "lastModified": 1634994402,
        "narHash": "sha256-xmlCVVOYGpZoxgOqsDOVF0B0ASrnbNGVAEzID9qh2xo=",
        "owner": "lnl7",
        "repo": "nix-darwin",
        "rev": "44da835ac40dab5fd231298b59d83487382d2fab",
        "type": "github"
      },
      "original": {
        "owner": "lnl7",
        "repo": "nix-darwin",
        "type": "github"
      }
    },
    "emacs": {
      "inputs": {
        "emacs-src": "emacs-src",
        "emacs-vterm-src": "emacs-vterm-src",
        "nixpkgs": "nixpkgs"
      },
      "locked": {
        "lastModified": 1636854086,
        "narHash": "sha256-jQ5PUdnUJLVZ3R0im/CI4149igQFbss7b3KoOVzxXy0=",
        "owner": "cmacrae",
        "repo": "emacs",
        "rev": "25d0b57c1f16cdfcf8620dcb317444930c4d8af9",
        "type": "github"
      },
      "original": {
        "owner": "cmacrae",
        "repo": "emacs",
        "type": "github"
      }
    },
    "emacs-overlay": {
      "locked": {
        "lastModified": 1636881202,
        "narHash": "sha256-XmXmV7ddohRKXcVzVDdw6LB0/53gu+rjQ+vScdakKGM=",
        "owner": "nix-community",
        "repo": "emacs-overlay",
        "rev": "23c8464f4527a2b19f6b4776378dd03b8289aa85",
        "type": "github"
      },
      "original": {
        "owner": "nix-community",
        "repo": "emacs-overlay",
        "type": "github"
      }
    },
    "emacs-src": {
      "flake": false,
      "locked": {
        "lastModified": 1636815853,
        "narHash": "sha256-iufvd+j0lyXsrQfzpZSRcpUIFMwiefAcjtidt1ZFbg0=",
        "owner": "emacs-mirror",
        "repo": "emacs",
        "rev": "4df334a0f74700e72bfea7817e660605c3f2a2ee",
        "type": "github"
      },
      "original": {
        "owner": "emacs-mirror",
        "repo": "emacs",
        "type": "github"
      }
    },
    "emacs-vterm-src": {
      "flake": false,
      "locked": {
        "lastModified": 1631083259,
        "narHash": "sha256-+fl1GUCpAZBOvgMd3akF9EMirp1/K+JyRq0TWKSDeJw=",
        "owner": "akermu",
        "repo": "emacs-libvterm",
        "rev": "2681120b770573044832ba8c22ccbac192e1a294",
        "type": "github"
      },
      "original": {
        "owner": "akermu",
        "repo": "emacs-libvterm",
        "type": "github"
      }
    },
    "home-manager": {
      "inputs": {
        "nixpkgs": [
          "nixpkgs"
        ]
      },
      "locked": {
        "lastModified": 1636847964,
        "narHash": "sha256-hH2lbDgOPwCtlWDwp0wVCcOK7x0mtLf4nrNWfvUWrA8=",
        "owner": "nix-community",
        "repo": "home-manager",
        "rev": "accfbdf215dbf39eac2fbae67b574dac0be83d51",
        "type": "github"
      },
      "original": {
        "owner": "nix-community",
        "repo": "home-manager",
        "type": "github"
      }
    },
    "nixpkgs": {
      "locked": {
        "lastModified": 1636798009,
        "narHash": "sha256-TALPXFghk+V7GMYYlHMKXRHFR/7TdWL7i/dbtdU6dfA=",
        "owner": "nixos",
        "repo": "nixpkgs",
        "rev": "9cae36cff14bfb48f9903143d393762b21357c33",
        "type": "github"
      },
      "original": {
        "owner": "nixos",
        "ref": "nixpkgs-unstable",
        "repo": "nixpkgs",
        "type": "github"
      }
    },
    "nixpkgs_2": {
      "locked": {
        "lastModified": 1636886446,
        "narHash": "sha256-4xsVM2H8CG3d/3V+GqDDLDOmb3kdrugbqKVyrg8Q/zc=",
        "owner": "nixos",
        "repo": "nixpkgs",
        "rev": "5cb226a06c49f7a2d02863d0b5786a310599df6b",
        "type": "github"
      },
      "original": {
        "owner": "nixos",
        "ref": "nixpkgs-unstable",
        "repo": "nixpkgs",
        "type": "github"
      }
    },
    "root": {
      "inputs": {
        "darwin": "darwin",
        "emacs": "emacs",
        "emacs-overlay": "emacs-overlay",
        "home-manager": "home-manager",
        "nixpkgs": "nixpkgs_2"
      }
    }
  },
  "root": "root",
  "version": 7
}
