{
  "nodes": {
    "darwin": {
      "inputs": {
        "nixpkgs": [
          "nixpkgs"
        ]
      },
      "locked": {
        "lastModified": 1622060422,
        "narHash": "sha256-hPVlvrAyf6zL7tTx0lpK+tMxEfZeMiIZ/A2xaJ41WOY=",
        "owner": "lnl7",
        "repo": "nix-darwin",
        "rev": "007d700e644ac588ad6668e6439950a5b6e2ff64",
        "type": "github"
      },
      "original": {
        "owner": "lnl7",
        "repo": "nix-darwin",
        "type": "github"
      }
    },
    "emacs": {
      "inputs": {
        "emacs-src": "emacs-src",
        "emacs-vterm-src": "emacs-vterm-src",
        "nixpkgs": "nixpkgs"
      },
      "locked": {
        "lastModified": 1630460862,
        "narHash": "sha256-/v8LrEDFvlRq/0PXj1j/Lhp3lYqX7drFTQY/eJJjzFw=",
        "owner": "cmacrae",
        "repo": "emacs",
        "rev": "ea831fab8369ac93efece159226ecad06f2d8930",
        "type": "github"
      },
      "original": {
        "owner": "cmacrae",
        "repo": "emacs",
        "type": "github"
      }
    },
    "emacs-overlay": {
      "locked": {
        "lastModified": 1630633842,
        "narHash": "sha256-ySpuwuAMg3GM/6dQPvzhqtc05yVLXH6N51qaP1mX3i8=",
        "owner": "nix-community",
        "repo": "emacs-overlay",
        "rev": "c185db9302bd83c1d73029f3da6dc2e5fc79edde",
        "type": "github"
      },
      "original": {
        "owner": "nix-community",
        "repo": "emacs-overlay",
        "type": "github"
      }
    },
    "emacs-src": {
      "flake": false,
      "locked": {
        "lastModified": 1630445815,
        "narHash": "sha256-hNJ29z/FYPLzZnHhUMwjFOK6wih/4tCBmssBDNG53Ds=",
        "ref": "master",
        "rev": "8761d30da0c4d7d9fd59c192bc283e17b04c5db3",
        "revCount": 149686,
        "type": "git",
        "url": "git://git.sv.gnu.org/emacs.git"
      },
      "original": {
        "type": "git",
        "url": "git://git.sv.gnu.org/emacs.git"
      }
    },
    "emacs-vterm-src": {
      "flake": false,
      "locked": {
        "lastModified": 1629816805,
        "narHash": "sha256-dOfOJ2P2MkQwl6YpO00qAqXt71MsTQgaCIbWt2P/KY8=",
        "owner": "akermu",
        "repo": "emacs-libvterm",
        "rev": "9e5a208d8871293a23a2734591fac97a584a41c2",
        "type": "github"
      },
      "original": {
        "owner": "akermu",
        "repo": "emacs-libvterm",
        "type": "github"
      }
    },
    "home-manager": {
      "inputs": {
        "nixpkgs": [
          "nixpkgs"
        ]
      },
      "locked": {
        "lastModified": 1630428740,
        "narHash": "sha256-394yJxkFjvg47vB0jK5WHCitLDilyGjO3HpuZkAM2GA=",
        "owner": "nix-community",
        "repo": "home-manager",
        "rev": "21a2ff449620a9cb91802f9d1a9157b2ae8c6b39",
        "type": "github"
      },
      "original": {
        "owner": "nix-community",
        "repo": "home-manager",
        "type": "github"
      }
    },
    "nixpkgs": {
      "locked": {
        "lastModified": 1630140382,
        "narHash": "sha256-ntXepAHFlAEtaYIU5EzckRUODeeMgpu1u2Yug+4LFNc=",
        "owner": "nixos",
        "repo": "nixpkgs",
        "rev": "08ef0f28e3a41424b92ba1d203de64257a9fca6a",
        "type": "github"
      },
      "original": {
        "owner": "nixos",
        "ref": "nixpkgs-unstable",
        "repo": "nixpkgs",
        "type": "github"
      }
    },
    "nixpkgs_2": {
      "locked": {
        "lastModified": 1630140382,
        "narHash": "sha256-ntXepAHFlAEtaYIU5EzckRUODeeMgpu1u2Yug+4LFNc=",
        "owner": "nixos",
        "repo": "nixpkgs",
        "rev": "08ef0f28e3a41424b92ba1d203de64257a9fca6a",
        "type": "github"
      },
      "original": {
        "owner": "nixos",
        "ref": "nixpkgs-unstable",
        "repo": "nixpkgs",
        "type": "github"
      }
    },
    "nixpkgs_3": {
      "locked": {
        "lastModified": 1616847335,
        "narHash": "sha256-AQrNtJZRl9P78u+otHNXVxcQzu84vuTJLqynupp335g=",
        "owner": "cmacrae",
        "repo": "nixpkgs",
        "rev": "7745d5338ad3c6cef295f40a732c6a739b1fcc7b",
        "type": "github"
      },
      "original": {
        "owner": "cmacrae",
        "ref": "fix_spacebar",
        "repo": "nixpkgs",
        "type": "github"
      }
    },
    "root": {
      "inputs": {
        "darwin": "darwin",
        "emacs": "emacs",
        "emacs-overlay": "emacs-overlay",
        "home-manager": "home-manager",
        "nixpkgs": "nixpkgs_2",
        "spacebar": "spacebar"
      }
    },
    "spacebar": {
      "inputs": {
        "nixpkgs": "nixpkgs_3"
      },
      "locked": {
        "lastModified": 1619609923,
        "narHash": "sha256-nDnvmI4GZiBAR7oTWBw9ReQBGXz8W0X9z6DikeYa7Lw=",
        "owner": "cmacrae",
        "repo": "spacebar",
        "rev": "ca4c58c05ff18a32dd5acc38d989d378fe13509b",
        "type": "github"
      },
      "original": {
        "owner": "cmacrae",
        "repo": "spacebar",
        "type": "github"
      }
    }
  },
  "root": "root",
  "version": 7
}
