{
  "nodes": {
    "darwin": {
      "inputs": {
        "nixpkgs": [
          "nixpkgs"
        ]
      },
      "locked": {
        "lastModified": 1647173930,
        "narHash": "sha256-8oca3Pc68VrCp8HeOtHmzs5g0rdQnPO9beDEEZJ02W0=",
        "owner": "lnl7",
        "repo": "nix-darwin",
        "rev": "17fbc68a6110edbff67e55f7450230a697ecb17e",
        "type": "github"
      },
      "original": {
        "owner": "lnl7",
        "repo": "nix-darwin",
        "type": "github"
      }
    },
    "emacs": {
      "inputs": {
        "emacs-src": "emacs-src",
        "emacs-vterm-src": "emacs-vterm-src",
        "nixpkgs": "nixpkgs"
      },
      "locked": {
        "lastModified": 1641462883,
        "narHash": "sha256-ZlQYsgDv461MtHUHBsxHSAbvau9LSAsHGTdu1Jt0Twc=",
        "owner": "cmacrae",
        "repo": "emacs",
        "rev": "03b4223e56e10a6d88faa151c5804d30b8680cca",
        "type": "github"
      },
      "original": {
        "owner": "cmacrae",
        "repo": "emacs",
        "type": "github"
      }
    },
    "emacs-overlay": {
      "locked": {
        "lastModified": 1647508010,
        "narHash": "sha256-0Yi3oC2PHk6sbKU0VHfa3DxaM9O5no/MgbQjW5tWVes=",
        "owner": "nix-community",
        "repo": "emacs-overlay",
        "rev": "711a3567a484a750017df905b0063a0ad0ed3434",
        "type": "github"
      },
      "original": {
        "owner": "nix-community",
        "repo": "emacs-overlay",
        "type": "github"
      }
    },
    "emacs-src": {
      "flake": false,
      "locked": {
        "lastModified": 1638743496,
        "narHash": "sha256-U9Ig2GhWBhuP992FdY6ZOXa4LKut46Rso8ahySDfMT0=",
        "owner": "emacs-mirror",
        "repo": "emacs",
        "rev": "6620d03e3346a2358dc5e3f20fad1f59c74bc2f8",
        "type": "github"
      },
      "original": {
        "owner": "emacs-mirror",
        "repo": "emacs",
        "type": "github"
      }
    },
    "emacs-vterm-src": {
      "flake": false,
      "locked": {
        "lastModified": 1631083259,
        "narHash": "sha256-+fl1GUCpAZBOvgMd3akF9EMirp1/K+JyRq0TWKSDeJw=",
        "owner": "akermu",
        "repo": "emacs-libvterm",
        "rev": "2681120b770573044832ba8c22ccbac192e1a294",
        "type": "github"
      },
      "original": {
        "owner": "akermu",
        "repo": "emacs-libvterm",
        "type": "github"
      }
    },
    "home-manager": {
      "inputs": {
        "nixpkgs": [
          "nixpkgs"
        ]
      },
      "locked": {
        "lastModified": 1647521104,
        "narHash": "sha256-H9D0fxuwsXNmN3AXCH2EmhcVvOqhVb49TUP3AVpDdCk=",
        "owner": "nix-community",
        "repo": "home-manager",
        "rev": "970b57fd3c93f6c76d5cdfb4da23a5b4010b9e8b",
        "type": "github"
      },
      "original": {
        "owner": "nix-community",
        "repo": "home-manager",
        "type": "github"
      }
    },
    "nixpkgs": {
      "locked": {
        "lastModified": 1638580591,
        "narHash": "sha256-fM5tz4amJIH6+gjXdCHfRvq1p65N93zIUfxwPNr95NE=",
        "owner": "nixos",
        "repo": "nixpkgs",
        "rev": "e65a0f3f980abdc802b9f93bdb1b67a326cdb9c8",
        "type": "github"
      },
      "original": {
        "owner": "nixos",
        "ref": "nixpkgs-unstable",
        "repo": "nixpkgs",
        "type": "github"
      }
    },
    "nixpkgs_2": {
      "locked": {
        "lastModified": 1647350163,
        "narHash": "sha256-OcMI+PFEHTONthXuEQNddt16Ml7qGvanL3x8QOl2Aao=",
        "owner": "nixos",
        "repo": "nixpkgs",
        "rev": "3eb07eeafb52bcbf02ce800f032f18d666a9498d",
        "type": "github"
      },
      "original": {
        "owner": "nixos",
        "ref": "nixpkgs-unstable",
        "repo": "nixpkgs",
        "type": "github"
      }
    },
    "root": {
      "inputs": {
        "darwin": "darwin",
        "emacs": "emacs",
        "emacs-overlay": "emacs-overlay",
        "home-manager": "home-manager",
        "nixpkgs": "nixpkgs_2"
      }
    }
  },
  "root": "root",
  "version": 7
}
