# This file was autogenerated by Stack.
# You should not edit this file by hand.
# For more information, please see the documentation at:
#   https://docs.haskellstack.org/en/stable/lock_files

packages:
- completed:
    cabal-file:
      size: 1484
      sha256: 41255c031aa84e63da37adbfe7fe2a9407227ae378f7d86b6eba57d61a1ba6fb
    name: path-extra
    version: 0.1.0.0
    git: https://github.com/d12frosted/path-extra
    pantry-tree:
      size: 589
      sha256: b96881df98c9a2690edb2be3345dc5dde81c18bb22dd1351be8e7ca12f1758dd
    commit: 8457c546d02c97d06710320de4e834fb0fd46637
  original:
    git: https://github.com/d12frosted/path-extra
    commit: 8457c546d02c97d06710320de4e834fb0fd46637
- completed:
    cabal-file:
      size: 1343
      sha256: 47b8e845e754efa4d041804a42453c73e8775d9f9e9f599d1904db97088accca
    name: env-extra
    version: 1.0.0.0
    git: https://github.com/d12frosted/env-extra
    pantry-tree:
      size: 544
      sha256: 8af304d0e7496753d51aba7855b2f03e908f57b6e265951d20e08c63e38e8bd1
    commit: ca7aebf497d92a58c1bd44e1f7f084e2e56efa34
  original:
    git: https://github.com/d12frosted/env-extra
    commit: ca7aebf497d92a58c1bd44e1f7f084e2e56efa34
snapshots:
- completed:
    size: 524155
    url: https://raw.githubusercontent.com/commercialhaskell/stackage-snapshots/master/lts/14/19.yaml
    sha256: 9f79f6494473c9b46911364b94c4b5ef19ca8d35ebf62e46697cf651f198ee19
  original: lts-14.19
