# This file was autogenerated by Stack.
# You should not edit this file by hand.
# For more information, please see the documentation at:
#   https://docs.haskellstack.org/en/stable/lock_files

packages:
- completed:
    cabal-file:
      size: 1484
      sha256: 41255c031aa84e63da37adbfe7fe2a9407227ae378f7d86b6eba57d61a1ba6fb
    name: path-extra
    version: 0.1.0.0
    git: https://github.com/d12frosted/path-extra
    pantry-tree:
      size: 589
      sha256: b96881df98c9a2690edb2be3345dc5dde81c18bb22dd1351be8e7ca12f1758dd
    commit: 8457c546d02c97d06710320de4e834fb0fd46637
  original:
    git: https://github.com/d12frosted/path-extra
    commit: 8457c546d02c97d06710320de4e834fb0fd46637
- completed:
    hackage: env-extra-1.0.0.0@sha256:2b5f58f5756dedf9956c2f5738920b082ab8e08a0b62b902b67f5134cecad00d,1558
    pantry-tree:
      size: 330
      sha256: b87d102a147f4c675b9b22ce62ab3bf0d79a030b416d4281319e8b91dabeb314
  original:
    hackage: env-extra-1.0.0.0@sha256:2b5f58f5756dedf9956c2f5738920b082ab8e08a0b62b902b67f5134cecad00d,1558
- completed:
    hackage: tasty-quickcheck-laws-0.0.3@sha256:a33a458e2a98feee96be41969382a63c9570fdbca262f07e56d6b4d0228b36cd,2105
    pantry-tree:
      size: 1528
      sha256: fb68e01210ba5d9d979b1803a074ff8a2ab4972cfe2d2f6b6863a382914415e5
  original:
    hackage: tasty-quickcheck-laws-0.0.3@sha256:a33a458e2a98feee96be41969382a63c9570fdbca262f07e56d6b4d0228b36cd,2105
snapshots:
- completed:
    size: 488576
    url: https://raw.githubusercontent.com/commercialhaskell/stackage-snapshots/master/lts/15/0.yaml
    sha256: e4b6a87b47ec1cf63a7f1a0884a3b276fce2b0d174a10e8753c4f618e7983568
  original: lts-15.0
