# This file was autogenerated by Stack.
# You should not edit this file by hand.
# For more information, please see the documentation at:
#   https://docs.haskellstack.org/en/stable/lock_files

packages:
- completed:
    cabal-file:
      size: 1005
      sha256: 0611df1435ea85a8d7b7e9bc5edb312f94280ff36b105a77cfad3f73402cfb77
    name: d12-hs-path
    version: 0.1.0.0
    git: https://gitlab.com/d12frosted/d12-hs-path
    pantry-tree:
      size: 414
      sha256: b13c3720a3f1dd383ebce2e19a17ce7a2964baa50184ba9d8b168f7ff8bdcade
    commit: 063302ad18a3a7862f14415313c8adae1da31674
  original:
    git: https://gitlab.com/d12frosted/d12-hs-path
    commit: 063302ad18a3a7862f14415313c8adae1da31674
- completed:
    cabal-file:
      size: 826
      sha256: 54045ec7a65c6aa44d94dabd797582075e12f79eb68e80b44600ee7d75d4c3f3
    name: d12-hs-env
    version: 0.1.1.0
    git: https://gitlab.com/d12frosted/d12-hs-env
    pantry-tree:
      size: 404
      sha256: eb2a2c3552dc071a8be37a81197389a3323442005e562a9c11af1dbdab0b50a6
    commit: 76f3e773f1aa0b2c7f56d6e76d8bb7ca01bd0ccc
  original:
    git: https://gitlab.com/d12frosted/d12-hs-env
    commit: 76f3e773f1aa0b2c7f56d6e76d8bb7ca01bd0ccc
snapshots:
- completed:
    size: 524789
    url: https://raw.githubusercontent.com/commercialhaskell/stackage-snapshots/master/lts/14/18.yaml
    sha256: 646be71223e08234131c6989912e6011e01b9767bc447b6d466a35e14360bdf2
  original: lts-14.18
